
Microsoft Visual Studio Solution File, Format Version 12.00
Project("{FAE04EC0-301F-11D3-BF4B-00C04F79EFBC}") = "mxskintool", "mxskintool\mxskintool.csproj", "{F286D2E7-4DBC-42D3-B38B-37B81746D103}"
EndProject
Global
	GlobalSection(SolutionConfigurationPlatforms) = preSolution
		Debug|Any CPU = Debug|Any CPU
		Release|Any CPU = Release|Any CPU
	EndGlobalSection
	GlobalSection(ProjectConfigurationPlatforms) = postSolution
		{F286D2E7-4DBC-42D3-B38B-37B81746D103}.Debug|Any CPU.ActiveCfg = Debug|Any CPU
		{F286D2E7-4DBC-42D3-B38B-37B81746D103}.Debug|Any CPU.Build.0 = Debug|Any CPU
		{F286D2E7-4DBC-42D3-B38B-37B81746D103}.Release|Any CPU.ActiveCfg = Release|Any CPU
		{F286D2E7-4DBC-42D3-B38B-37B81746D103}.Release|Any CPU.Build.0 = Release|Any CPU
	EndGlobalSection
EndGlobal
